
Microsoft Visual Studio Solution File, Format Version 9.00
# Visual Studio 2005
Project("{8BC9CEB8-8B4A-11D0-8D11-00A0C91BC942}") = "wxWallCtrlProject", "wxWallCtrlProject.vcproj", "{9926C1F5-D07F-43FF-959C-7CD14594951D}"
EndProject
Global
	GlobalSection(SolutionConfiguration) = preSolution
		ConfigName.0 = Debug|Win32
	EndGlobalSection
EndGlobal
