<?xml version="1.0" encoding="utf-8"?>
<Project ToolsVersion="17.0" xmlns="http://schemas.microsoft.com/developer/msbuild/2003">
  <ItemGroup>
    <CustomBuild Include="D:\WxWidgets\MyOutputFolder\CMakeFiles\0ada5416a977d6fa7f95e70e6d4e817e\INSTALL_force.rule">
      <Filter>CMake Rules</Filter>
    </CustomBuild>
  </ItemGroup>
  <ItemGroup>
    <Filter Include="CMake Rules">
      <UniqueIdentifier>{5110FAF9-9F5B-3331-8458-FF6F913A6304}</UniqueIdentifier>
    </Filter>
  </ItemGroup>
</Project>
