Microsoft Visual Studio Solution File, Format Version 9.00
# Visual Studio 2005
Project("{8BC9CEB8-8B4A-11D0-8D11-00A0C91BC942}") = "test", "test_vc8_test.vcproj", "{C3AB7517-4746-5FC1-911E-D4ADD9590C8E}"
EndProject
Project("{8BC9CEB8-8B4A-11D0-8D11-00A0C91BC942}") = "test_drawing", "test_vc8_test_drawing.vcproj", "{42A7EAC1-D566-5460-8F84-221F34167EC7}"
EndProject
Project("{8BC9CEB8-8B4A-11D0-8D11-00A0C91BC942}") = "test_drawingplugin", "test_vc8_test_drawingplugin.vcproj", "{16E360CE-6721-558C-B99D-88D58BD0EC67}"
EndProject
Project("{8BC9CEB8-8B4A-11D0-8D11-00A0C91BC942}") = "test_gui", "test_vc8_test_gui.vcproj", "{7EE6A4F4-E7C9-58C1-BEEA-394DF0D5F224}"
EndProject
Project("{8BC9CEB8-8B4A-11D0-8D11-00A0C91BC942}") = "test_allheaders", "test_vc8_test_allheaders.vcproj", "{405FA5BD-C0D8-5B5C-9DE2-954DA827544D}"
EndProject
Global
	GlobalSection(SolutionConfigurationPlatforms) = preSolution
		Debug|Win32 = Debug|Win32
		Debug|x64 = Debug|x64
		Release|Win32 = Release|Win32
		Release|x64 = Release|x64
		DLL Debug|Win32 = DLL Debug|Win32
		DLL Debug|x64 = DLL Debug|x64
		DLL Release|Win32 = DLL Release|Win32
		DLL Release|x64 = DLL Release|x64
	EndGlobalSection
	GlobalSection(ProjectConfigurationPlatforms) = postSolution
		{C3AB7517-4746-5FC1-911E-D4ADD9590C8E}.Debug|Win32.ActiveCfg = Debug|Win32
		{C3AB7517-4746-5FC1-911E-D4ADD9590C8E}.Debug|Win32.Build.0 = Debug|Win32
		{C3AB7517-4746-5FC1-911E-D4ADD9590C8E}.Debug|x64.ActiveCfg = Debug|x64
		{C3AB7517-4746-5FC1-911E-D4ADD9590C8E}.Debug|x64.Build.0 = Debug|x64
		{C3AB7517-4746-5FC1-911E-D4ADD9590C8E}.Release|Win32.ActiveCfg = Release|Win32
		{C3AB7517-4746-5FC1-911E-D4ADD9590C8E}.Release|Win32.Build.0 = Release|Win32
		{C3AB7517-4746-5FC1-911E-D4ADD9590C8E}.Release|x64.ActiveCfg = Release|x64
		{C3AB7517-4746-5FC1-911E-D4ADD9590C8E}.Release|x64.Build.0 = Release|x64
		{C3AB7517-4746-5FC1-911E-D4ADD9590C8E}.DLL Debug|Win32.ActiveCfg = DLL Debug|Win32
		{C3AB7517-4746-5FC1-911E-D4ADD9590C8E}.DLL Debug|Win32.Build.0 = DLL Debug|Win32
		{C3AB7517-4746-5FC1-911E-D4ADD9590C8E}.DLL Debug|x64.ActiveCfg = DLL Debug|x64
		{C3AB7517-4746-5FC1-911E-D4ADD9590C8E}.DLL Debug|x64.Build.0 = DLL Debug|x64
		{C3AB7517-4746-5FC1-911E-D4ADD9590C8E}.DLL Release|Win32.ActiveCfg = DLL Release|Win32
		{C3AB7517-4746-5FC1-911E-D4ADD9590C8E}.DLL Release|Win32.Build.0 = DLL Release|Win32
		{C3AB7517-4746-5FC1-911E-D4ADD9590C8E}.DLL Release|x64.ActiveCfg = DLL Release|x64
		{C3AB7517-4746-5FC1-911E-D4ADD9590C8E}.DLL Release|x64.Build.0 = DLL Release|x64
		{42A7EAC1-D566-5460-8F84-221F34167EC7}.Debug|Win32.ActiveCfg = Debug|Win32
		{42A7EAC1-D566-5460-8F84-221F34167EC7}.Debug|Win32.Build.0 = Debug|Win32
		{42A7EAC1-D566-5460-8F84-221F34167EC7}.Debug|x64.ActiveCfg = Debug|x64
		{42A7EAC1-D566-5460-8F84-221F34167EC7}.Debug|x64.Build.0 = Debug|x64
		{42A7EAC1-D566-5460-8F84-221F34167EC7}.Release|Win32.ActiveCfg = Release|Win32
		{42A7EAC1-D566-5460-8F84-221F34167EC7}.Release|Win32.Build.0 = Release|Win32
		{42A7EAC1-D566-5460-8F84-221F34167EC7}.Release|x64.ActiveCfg = Release|x64
		{42A7EAC1-D566-5460-8F84-221F34167EC7}.Release|x64.Build.0 = Release|x64
		{42A7EAC1-D566-5460-8F84-221F34167EC7}.DLL Debug|Win32.ActiveCfg = DLL Debug|Win32
		{42A7EAC1-D566-5460-8F84-221F34167EC7}.DLL Debug|Win32.Build.0 = DLL Debug|Win32
		{42A7EAC1-D566-5460-8F84-221F34167EC7}.DLL Debug|x64.ActiveCfg = DLL Debug|x64
		{42A7EAC1-D566-5460-8F84-221F34167EC7}.DLL Debug|x64.Build.0 = DLL Debug|x64
		{42A7EAC1-D566-5460-8F84-221F34167EC7}.DLL Release|Win32.ActiveCfg = DLL Release|Win32
		{42A7EAC1-D566-5460-8F84-221F34167EC7}.DLL Release|Win32.Build.0 = DLL Release|Win32
		{42A7EAC1-D566-5460-8F84-221F34167EC7}.DLL Release|x64.ActiveCfg = DLL Release|x64
		{42A7EAC1-D566-5460-8F84-221F34167EC7}.DLL Release|x64.Build.0 = DLL Release|x64
		{16E360CE-6721-558C-B99D-88D58BD0EC67}.Debug|Win32.ActiveCfg = Debug|Win32
		{16E360CE-6721-558C-B99D-88D58BD0EC67}.Debug|x64.ActiveCfg = Debug|x64
		{16E360CE-6721-558C-B99D-88D58BD0EC67}.Release|Win32.ActiveCfg = Release|Win32
		{16E360CE-6721-558C-B99D-88D58BD0EC67}.Release|x64.ActiveCfg = Release|x64
		{16E360CE-6721-558C-B99D-88D58BD0EC67}.DLL Debug|Win32.ActiveCfg = DLL Debug|Win32
		{16E360CE-6721-558C-B99D-88D58BD0EC67}.DLL Debug|Win32.Build.0 = DLL Debug|Win32
		{16E360CE-6721-558C-B99D-88D58BD0EC67}.DLL Debug|x64.ActiveCfg = DLL Debug|x64
		{16E360CE-6721-558C-B99D-88D58BD0EC67}.DLL Debug|x64.Build.0 = DLL Debug|x64
		{16E360CE-6721-558C-B99D-88D58BD0EC67}.DLL Release|Win32.ActiveCfg = DLL Release|Win32
		{16E360CE-6721-558C-B99D-88D58BD0EC67}.DLL Release|Win32.Build.0 = DLL Release|Win32
		{16E360CE-6721-558C-B99D-88D58BD0EC67}.DLL Release|x64.ActiveCfg = DLL Release|x64
		{16E360CE-6721-558C-B99D-88D58BD0EC67}.DLL Release|x64.Build.0 = DLL Release|x64
		{7EE6A4F4-E7C9-58C1-BEEA-394DF0D5F224}.Debug|Win32.ActiveCfg = Debug|Win32
		{7EE6A4F4-E7C9-58C1-BEEA-394DF0D5F224}.Debug|Win32.Build.0 = Debug|Win32
		{7EE6A4F4-E7C9-58C1-BEEA-394DF0D5F224}.Debug|x64.ActiveCfg = Debug|x64
		{7EE6A4F4-E7C9-58C1-BEEA-394DF0D5F224}.Debug|x64.Build.0 = Debug|x64
		{7EE6A4F4-E7C9-58C1-BEEA-394DF0D5F224}.Release|Win32.ActiveCfg = Release|Win32
		{7EE6A4F4-E7C9-58C1-BEEA-394DF0D5F224}.Release|Win32.Build.0 = Release|Win32
		{7EE6A4F4-E7C9-58C1-BEEA-394DF0D5F224}.Release|x64.ActiveCfg = Release|x64
		{7EE6A4F4-E7C9-58C1-BEEA-394DF0D5F224}.Release|x64.Build.0 = Release|x64
		{7EE6A4F4-E7C9-58C1-BEEA-394DF0D5F224}.DLL Debug|Win32.ActiveCfg = DLL Debug|Win32
		{7EE6A4F4-E7C9-58C1-BEEA-394DF0D5F224}.DLL Debug|Win32.Build.0 = DLL Debug|Win32
		{7EE6A4F4-E7C9-58C1-BEEA-394DF0D5F224}.DLL Debug|x64.ActiveCfg = DLL Debug|x64
		{7EE6A4F4-E7C9-58C1-BEEA-394DF0D5F224}.DLL Debug|x64.Build.0 = DLL Debug|x64
		{7EE6A4F4-E7C9-58C1-BEEA-394DF0D5F224}.DLL Release|Win32.ActiveCfg = DLL Release|Win32
		{7EE6A4F4-E7C9-58C1-BEEA-394DF0D5F224}.DLL Release|Win32.Build.0 = DLL Release|Win32
		{7EE6A4F4-E7C9-58C1-BEEA-394DF0D5F224}.DLL Release|x64.ActiveCfg = DLL Release|x64
		{7EE6A4F4-E7C9-58C1-BEEA-394DF0D5F224}.DLL Release|x64.Build.0 = DLL Release|x64
		{405FA5BD-C0D8-5B5C-9DE2-954DA827544D}.Debug|Win32.ActiveCfg = Debug|Win32
		{405FA5BD-C0D8-5B5C-9DE2-954DA827544D}.Debug|Win32.Build.0 = Debug|Win32
		{405FA5BD-C0D8-5B5C-9DE2-954DA827544D}.Debug|x64.ActiveCfg = Debug|x64
		{405FA5BD-C0D8-5B5C-9DE2-954DA827544D}.Debug|x64.Build.0 = Debug|x64
		{405FA5BD-C0D8-5B5C-9DE2-954DA827544D}.Release|Win32.ActiveCfg = Release|Win32
		{405FA5BD-C0D8-5B5C-9DE2-954DA827544D}.Release|Win32.Build.0 = Release|Win32
		{405FA5BD-C0D8-5B5C-9DE2-954DA827544D}.Release|x64.ActiveCfg = Release|x64
		{405FA5BD-C0D8-5B5C-9DE2-954DA827544D}.Release|x64.Build.0 = Release|x64
		{405FA5BD-C0D8-5B5C-9DE2-954DA827544D}.DLL Debug|Win32.ActiveCfg = DLL Debug|Win32
		{405FA5BD-C0D8-5B5C-9DE2-954DA827544D}.DLL Debug|Win32.Build.0 = DLL Debug|Win32
		{405FA5BD-C0D8-5B5C-9DE2-954DA827544D}.DLL Debug|x64.ActiveCfg = DLL Debug|x64
		{405FA5BD-C0D8-5B5C-9DE2-954DA827544D}.DLL Debug|x64.Build.0 = DLL Debug|x64
		{405FA5BD-C0D8-5B5C-9DE2-954DA827544D}.DLL Release|Win32.ActiveCfg = DLL Release|Win32
		{405FA5BD-C0D8-5B5C-9DE2-954DA827544D}.DLL Release|Win32.Build.0 = DLL Release|Win32
		{405FA5BD-C0D8-5B5C-9DE2-954DA827544D}.DLL Release|x64.ActiveCfg = DLL Release|x64
		{405FA5BD-C0D8-5B5C-9DE2-954DA827544D}.DLL Release|x64.Build.0 = DLL Release|x64
	EndGlobalSection
	GlobalSection(SolutionProperties) = preSolution
		HideSolutionNode = FALSE
	EndGlobalSection
EndGlobal

