Microsoft Visual Studio Solution File, Format Version 8.00
Project("{8BC9CEB8-8B4A-11D0-8D11-00A0C91BC942}") = "test", "test_vc7_test.vcproj", "{CDA4AD82-E498-50E6-91F2-AB83AD292EA3}"
EndProject
Project("{8BC9CEB8-8B4A-11D0-8D11-00A0C91BC942}") = "test_gui", "test_vc7_test_gui.vcproj", "{EF2FDAD9-89EB-50C4-91EA-A8ACEBF43839}"
EndProject
Global
	GlobalSection(SolutionConfigurationPlatforms) = preSolution
		Debug|Win32 = Debug|Win32
		Release|Win32 = Release|Win32
		Universal Debug|Win32 = Universal Debug|Win32
		Universal Release|Win32 = Universal Release|Win32
		DLL Debug|Win32 = DLL Debug|Win32
		DLL Release|Win32 = DLL Release|Win32
		DLL Universal Debug|Win32 = DLL Universal Debug|Win32
		DLL Universal Release|Win32 = DLL Universal Release|Win32
	EndGlobalSection
	GlobalSection(ProjectConfigurationPlatforms) = postSolution
		{CDA4AD82-E498-50E6-91F2-AB83AD292EA3}.Debug|Win32.ActiveCfg = Debug|Win32
		{CDA4AD82-E498-50E6-91F2-AB83AD292EA3}.Debug|Win32.Build.0 = Debug|Win32
		{CDA4AD82-E498-50E6-91F2-AB83AD292EA3}.Release|Win32.ActiveCfg = Release|Win32
		{CDA4AD82-E498-50E6-91F2-AB83AD292EA3}.Release|Win32.Build.0 = Release|Win32
		{CDA4AD82-E498-50E6-91F2-AB83AD292EA3}.Universal Debug|Win32.ActiveCfg = Universal Debug|Win32
		{CDA4AD82-E498-50E6-91F2-AB83AD292EA3}.Universal Debug|Win32.Build.0 = Universal Debug|Win32
		{CDA4AD82-E498-50E6-91F2-AB83AD292EA3}.Universal Release|Win32.ActiveCfg = Universal Release|Win32
		{CDA4AD82-E498-50E6-91F2-AB83AD292EA3}.Universal Release|Win32.Build.0 = Universal Release|Win32
		{CDA4AD82-E498-50E6-91F2-AB83AD292EA3}.DLL Debug|Win32.ActiveCfg = DLL Debug|Win32
		{CDA4AD82-E498-50E6-91F2-AB83AD292EA3}.DLL Debug|Win32.Build.0 = DLL Debug|Win32
		{CDA4AD82-E498-50E6-91F2-AB83AD292EA3}.DLL Release|Win32.ActiveCfg = DLL Release|Win32
		{CDA4AD82-E498-50E6-91F2-AB83AD292EA3}.DLL Release|Win32.Build.0 = DLL Release|Win32
		{CDA4AD82-E498-50E6-91F2-AB83AD292EA3}.DLL Universal Debug|Win32.ActiveCfg = DLL Universal Debug|Win32
		{CDA4AD82-E498-50E6-91F2-AB83AD292EA3}.DLL Universal Debug|Win32.Build.0 = DLL Universal Debug|Win32
		{CDA4AD82-E498-50E6-91F2-AB83AD292EA3}.DLL Universal Release|Win32.ActiveCfg = DLL Universal Release|Win32
		{CDA4AD82-E498-50E6-91F2-AB83AD292EA3}.DLL Universal Release|Win32.Build.0 = DLL Universal Release|Win32
		{EF2FDAD9-89EB-50C4-91EA-A8ACEBF43839}.Debug|Win32.ActiveCfg = Debug|Win32
		{EF2FDAD9-89EB-50C4-91EA-A8ACEBF43839}.Debug|Win32.Build.0 = Debug|Win32
		{EF2FDAD9-89EB-50C4-91EA-A8ACEBF43839}.Release|Win32.ActiveCfg = Release|Win32
		{EF2FDAD9-89EB-50C4-91EA-A8ACEBF43839}.Release|Win32.Build.0 = Release|Win32
		{EF2FDAD9-89EB-50C4-91EA-A8ACEBF43839}.Universal Debug|Win32.ActiveCfg = Universal Debug|Win32
		{EF2FDAD9-89EB-50C4-91EA-A8ACEBF43839}.Universal Debug|Win32.Build.0 = Universal Debug|Win32
		{EF2FDAD9-89EB-50C4-91EA-A8ACEBF43839}.Universal Release|Win32.ActiveCfg = Universal Release|Win32
		{EF2FDAD9-89EB-50C4-91EA-A8ACEBF43839}.Universal Release|Win32.Build.0 = Universal Release|Win32
		{EF2FDAD9-89EB-50C4-91EA-A8ACEBF43839}.DLL Debug|Win32.ActiveCfg = DLL Debug|Win32
		{EF2FDAD9-89EB-50C4-91EA-A8ACEBF43839}.DLL Debug|Win32.Build.0 = DLL Debug|Win32
		{EF2FDAD9-89EB-50C4-91EA-A8ACEBF43839}.DLL Release|Win32.ActiveCfg = DLL Release|Win32
		{EF2FDAD9-89EB-50C4-91EA-A8ACEBF43839}.DLL Release|Win32.Build.0 = DLL Release|Win32
		{EF2FDAD9-89EB-50C4-91EA-A8ACEBF43839}.DLL Universal Debug|Win32.ActiveCfg = DLL Universal Debug|Win32
		{EF2FDAD9-89EB-50C4-91EA-A8ACEBF43839}.DLL Universal Debug|Win32.Build.0 = DLL Universal Debug|Win32
		{EF2FDAD9-89EB-50C4-91EA-A8ACEBF43839}.DLL Universal Release|Win32.ActiveCfg = DLL Universal Release|Win32
		{EF2FDAD9-89EB-50C4-91EA-A8ACEBF43839}.DLL Universal Release|Win32.Build.0 = DLL Universal Release|Win32
	EndGlobalSection
	GlobalSection(SolutionProperties) = preSolution
		HideSolutionNode = FALSE
	EndGlobalSection
EndGlobal

