Microsoft Visual Studio Solution File, Format Version 9.00
# Visual Studio 2005
Project("{8BC9CEB8-8B4A-11D0-8D11-00A0C91BC942}") = "ipcclient", "ipc_vc8_ipcclient.vcproj", "{6F3D9B9E-D85C-5C46-B1DE-C292691FEC99}"
EndProject
Project("{8BC9CEB8-8B4A-11D0-8D11-00A0C91BC942}") = "ipcserver", "ipc_vc8_ipcserver.vcproj", "{84D21EA9-7958-5986-B2D7-0AF3B1456C7B}"
EndProject
Project("{8BC9CEB8-8B4A-11D0-8D11-00A0C91BC942}") = "baseipcclient", "ipc_vc8_baseipcclient.vcproj", "{FDDBBA42-6090-5BF6-B6E6-3336D9013434}"
EndProject
Project("{8BC9CEB8-8B4A-11D0-8D11-00A0C91BC942}") = "baseipcserver", "ipc_vc8_baseipcserver.vcproj", "{0978B3FB-D3E5-55A5-9F23-949AE4986089}"
EndProject
Global
	GlobalSection(SolutionConfigurationPlatforms) = preSolution
		Debug|Win32 = Debug|Win32
		Debug|x64 = Debug|x64
		Release|Win32 = Release|Win32
		Release|x64 = Release|x64
		DLL Debug|Win32 = DLL Debug|Win32
		DLL Debug|x64 = DLL Debug|x64
		DLL Release|Win32 = DLL Release|Win32
		DLL Release|x64 = DLL Release|x64
	EndGlobalSection
	GlobalSection(ProjectConfigurationPlatforms) = postSolution
		{6F3D9B9E-D85C-5C46-B1DE-C292691FEC99}.Debug|Win32.ActiveCfg = Debug|Win32
		{6F3D9B9E-D85C-5C46-B1DE-C292691FEC99}.Debug|Win32.Build.0 = Debug|Win32
		{6F3D9B9E-D85C-5C46-B1DE-C292691FEC99}.Debug|x64.ActiveCfg = Debug|x64
		{6F3D9B9E-D85C-5C46-B1DE-C292691FEC99}.Debug|x64.Build.0 = Debug|x64
		{6F3D9B9E-D85C-5C46-B1DE-C292691FEC99}.Release|Win32.ActiveCfg = Release|Win32
		{6F3D9B9E-D85C-5C46-B1DE-C292691FEC99}.Release|Win32.Build.0 = Release|Win32
		{6F3D9B9E-D85C-5C46-B1DE-C292691FEC99}.Release|x64.ActiveCfg = Release|x64
		{6F3D9B9E-D85C-5C46-B1DE-C292691FEC99}.Release|x64.Build.0 = Release|x64
		{6F3D9B9E-D85C-5C46-B1DE-C292691FEC99}.DLL Debug|Win32.ActiveCfg = DLL Debug|Win32
		{6F3D9B9E-D85C-5C46-B1DE-C292691FEC99}.DLL Debug|Win32.Build.0 = DLL Debug|Win32
		{6F3D9B9E-D85C-5C46-B1DE-C292691FEC99}.DLL Debug|x64.ActiveCfg = DLL Debug|x64
		{6F3D9B9E-D85C-5C46-B1DE-C292691FEC99}.DLL Debug|x64.Build.0 = DLL Debug|x64
		{6F3D9B9E-D85C-5C46-B1DE-C292691FEC99}.DLL Release|Win32.ActiveCfg = DLL Release|Win32
		{6F3D9B9E-D85C-5C46-B1DE-C292691FEC99}.DLL Release|Win32.Build.0 = DLL Release|Win32
		{6F3D9B9E-D85C-5C46-B1DE-C292691FEC99}.DLL Release|x64.ActiveCfg = DLL Release|x64
		{6F3D9B9E-D85C-5C46-B1DE-C292691FEC99}.DLL Release|x64.Build.0 = DLL Release|x64
		{84D21EA9-7958-5986-B2D7-0AF3B1456C7B}.Debug|Win32.ActiveCfg = Debug|Win32
		{84D21EA9-7958-5986-B2D7-0AF3B1456C7B}.Debug|Win32.Build.0 = Debug|Win32
		{84D21EA9-7958-5986-B2D7-0AF3B1456C7B}.Debug|x64.ActiveCfg = Debug|x64
		{84D21EA9-7958-5986-B2D7-0AF3B1456C7B}.Debug|x64.Build.0 = Debug|x64
		{84D21EA9-7958-5986-B2D7-0AF3B1456C7B}.Release|Win32.ActiveCfg = Release|Win32
		{84D21EA9-7958-5986-B2D7-0AF3B1456C7B}.Release|Win32.Build.0 = Release|Win32
		{84D21EA9-7958-5986-B2D7-0AF3B1456C7B}.Release|x64.ActiveCfg = Release|x64
		{84D21EA9-7958-5986-B2D7-0AF3B1456C7B}.Release|x64.Build.0 = Release|x64
		{84D21EA9-7958-5986-B2D7-0AF3B1456C7B}.DLL Debug|Win32.ActiveCfg = DLL Debug|Win32
		{84D21EA9-7958-5986-B2D7-0AF3B1456C7B}.DLL Debug|Win32.Build.0 = DLL Debug|Win32
		{84D21EA9-7958-5986-B2D7-0AF3B1456C7B}.DLL Debug|x64.ActiveCfg = DLL Debug|x64
		{84D21EA9-7958-5986-B2D7-0AF3B1456C7B}.DLL Debug|x64.Build.0 = DLL Debug|x64
		{84D21EA9-7958-5986-B2D7-0AF3B1456C7B}.DLL Release|Win32.ActiveCfg = DLL Release|Win32
		{84D21EA9-7958-5986-B2D7-0AF3B1456C7B}.DLL Release|Win32.Build.0 = DLL Release|Win32
		{84D21EA9-7958-5986-B2D7-0AF3B1456C7B}.DLL Release|x64.ActiveCfg = DLL Release|x64
		{84D21EA9-7958-5986-B2D7-0AF3B1456C7B}.DLL Release|x64.Build.0 = DLL Release|x64
		{FDDBBA42-6090-5BF6-B6E6-3336D9013434}.Debug|Win32.ActiveCfg = Debug|Win32
		{FDDBBA42-6090-5BF6-B6E6-3336D9013434}.Debug|Win32.Build.0 = Debug|Win32
		{FDDBBA42-6090-5BF6-B6E6-3336D9013434}.Debug|x64.ActiveCfg = Debug|x64
		{FDDBBA42-6090-5BF6-B6E6-3336D9013434}.Debug|x64.Build.0 = Debug|x64
		{FDDBBA42-6090-5BF6-B6E6-3336D9013434}.Release|Win32.ActiveCfg = Release|Win32
		{FDDBBA42-6090-5BF6-B6E6-3336D9013434}.Release|Win32.Build.0 = Release|Win32
		{FDDBBA42-6090-5BF6-B6E6-3336D9013434}.Release|x64.ActiveCfg = Release|x64
		{FDDBBA42-6090-5BF6-B6E6-3336D9013434}.Release|x64.Build.0 = Release|x64
		{FDDBBA42-6090-5BF6-B6E6-3336D9013434}.DLL Debug|Win32.ActiveCfg = DLL Debug|Win32
		{FDDBBA42-6090-5BF6-B6E6-3336D9013434}.DLL Debug|Win32.Build.0 = DLL Debug|Win32
		{FDDBBA42-6090-5BF6-B6E6-3336D9013434}.DLL Debug|x64.ActiveCfg = DLL Debug|x64
		{FDDBBA42-6090-5BF6-B6E6-3336D9013434}.DLL Debug|x64.Build.0 = DLL Debug|x64
		{FDDBBA42-6090-5BF6-B6E6-3336D9013434}.DLL Release|Win32.ActiveCfg = DLL Release|Win32
		{FDDBBA42-6090-5BF6-B6E6-3336D9013434}.DLL Release|Win32.Build.0 = DLL Release|Win32
		{FDDBBA42-6090-5BF6-B6E6-3336D9013434}.DLL Release|x64.ActiveCfg = DLL Release|x64
		{FDDBBA42-6090-5BF6-B6E6-3336D9013434}.DLL Release|x64.Build.0 = DLL Release|x64
		{0978B3FB-D3E5-55A5-9F23-949AE4986089}.Debug|Win32.ActiveCfg = Debug|Win32
		{0978B3FB-D3E5-55A5-9F23-949AE4986089}.Debug|Win32.Build.0 = Debug|Win32
		{0978B3FB-D3E5-55A5-9F23-949AE4986089}.Debug|x64.ActiveCfg = Debug|x64
		{0978B3FB-D3E5-55A5-9F23-949AE4986089}.Debug|x64.Build.0 = Debug|x64
		{0978B3FB-D3E5-55A5-9F23-949AE4986089}.Release|Win32.ActiveCfg = Release|Win32
		{0978B3FB-D3E5-55A5-9F23-949AE4986089}.Release|Win32.Build.0 = Release|Win32
		{0978B3FB-D3E5-55A5-9F23-949AE4986089}.Release|x64.ActiveCfg = Release|x64
		{0978B3FB-D3E5-55A5-9F23-949AE4986089}.Release|x64.Build.0 = Release|x64
		{0978B3FB-D3E5-55A5-9F23-949AE4986089}.DLL Debug|Win32.ActiveCfg = DLL Debug|Win32
		{0978B3FB-D3E5-55A5-9F23-949AE4986089}.DLL Debug|Win32.Build.0 = DLL Debug|Win32
		{0978B3FB-D3E5-55A5-9F23-949AE4986089}.DLL Debug|x64.ActiveCfg = DLL Debug|x64
		{0978B3FB-D3E5-55A5-9F23-949AE4986089}.DLL Debug|x64.Build.0 = DLL Debug|x64
		{0978B3FB-D3E5-55A5-9F23-949AE4986089}.DLL Release|Win32.ActiveCfg = DLL Release|Win32
		{0978B3FB-D3E5-55A5-9F23-949AE4986089}.DLL Release|Win32.Build.0 = DLL Release|Win32
		{0978B3FB-D3E5-55A5-9F23-949AE4986089}.DLL Release|x64.ActiveCfg = DLL Release|x64
		{0978B3FB-D3E5-55A5-9F23-949AE4986089}.DLL Release|x64.Build.0 = DLL Release|x64
	EndGlobalSection
	GlobalSection(SolutionProperties) = preSolution
		HideSolutionNode = FALSE
	EndGlobalSection
EndGlobal

