Microsoft Visual Studio Solution File, Format Version 9.00
# Visual Studio 2005
Project("{8BC9CEB8-8B4A-11D0-8D11-00A0C91BC942}") = "screenshotgen", "screenshotgen_vc8.vcproj", "{D36F115C-330D-5EAE-B66F-885D6BE20540}"
EndProject
Global
	GlobalSection(SolutionConfigurationPlatforms) = preSolution
		Debug|Win32 = Debug|Win32
		Release|Win32 = Release|Win32
		DLL Debug|Win32 = DLL Debug|Win32
		DLL Release|Win32 = DLL Release|Win32
	EndGlobalSection
	GlobalSection(ProjectConfigurationPlatforms) = postSolution
		{D36F115C-330D-5EAE-B66F-885D6BE20540}.Debug|Win32.ActiveCfg = Debug|Win32
		{D36F115C-330D-5EAE-B66F-885D6BE20540}.Debug|Win32.Build.0 = Debug|Win32
		{D36F115C-330D-5EAE-B66F-885D6BE20540}.Release|Win32.ActiveCfg = Release|Win32
		{D36F115C-330D-5EAE-B66F-885D6BE20540}.Release|Win32.Build.0 = Release|Win32
		{D36F115C-330D-5EAE-B66F-885D6BE20540}.DLL Debug|Win32.ActiveCfg = DLL Debug|Win32
		{D36F115C-330D-5EAE-B66F-885D6BE20540}.DLL Debug|Win32.Build.0 = DLL Debug|Win32
		{D36F115C-330D-5EAE-B66F-885D6BE20540}.DLL Release|Win32.ActiveCfg = DLL Release|Win32
		{D36F115C-330D-5EAE-B66F-885D6BE20540}.DLL Release|Win32.Build.0 = DLL Release|Win32
	EndGlobalSection
	GlobalSection(SolutionProperties) = preSolution
		HideSolutionNode = FALSE
	EndGlobalSection
EndGlobal

