Microsoft Visual Studio Solution File, Format Version 8.00
Project("{8BC9CEB8-8B4A-11D0-8D11-00A0C91BC942}") = "sound", "sound_vc7.vcproj", "{D11FFB79-2ABA-5F22-8C71-ED20FAE3C4E6}"
EndProject
Global
	GlobalSection(SolutionConfigurationPlatforms) = preSolution
		Debug|Win32 = Debug|Win32
		Release|Win32 = Release|Win32
		DLL Debug|Win32 = DLL Debug|Win32
		DLL Release|Win32 = DLL Release|Win32
	EndGlobalSection
	GlobalSection(ProjectConfigurationPlatforms) = postSolution
		{D11FFB79-2ABA-5F22-8C71-ED20FAE3C4E6}.Debug|Win32.ActiveCfg = Debug|Win32
		{D11FFB79-2ABA-5F22-8C71-ED20FAE3C4E6}.Debug|Win32.Build.0 = Debug|Win32
		{D11FFB79-2ABA-5F22-8C71-ED20FAE3C4E6}.Release|Win32.ActiveCfg = Release|Win32
		{D11FFB79-2ABA-5F22-8C71-ED20FAE3C4E6}.Release|Win32.Build.0 = Release|Win32
		{D11FFB79-2ABA-5F22-8C71-ED20FAE3C4E6}.DLL Debug|Win32.ActiveCfg = DLL Debug|Win32
		{D11FFB79-2ABA-5F22-8C71-ED20FAE3C4E6}.DLL Debug|Win32.Build.0 = DLL Debug|Win32
		{D11FFB79-2ABA-5F22-8C71-ED20FAE3C4E6}.DLL Release|Win32.ActiveCfg = DLL Release|Win32
		{D11FFB79-2ABA-5F22-8C71-ED20FAE3C4E6}.DLL Release|Win32.Build.0 = DLL Release|Win32
	EndGlobalSection
	GlobalSection(SolutionProperties) = preSolution
		HideSolutionNode = FALSE
	EndGlobalSection
EndGlobal

