// !$*UTF8*$!
{
	archiveVersion = 1;
	classes = {
	};
	objectVersion = 45;
	objects = {

/* Begin PBXBuildFile section */
		405B1A9910EF228C00676938 /* minimal.cpp in Sources */ = {isa = PBXBuildFile; fileRef = 405B1A9810EF228C00676938 /* minimal.cpp */; };
		405B1AC310EF253300676938 /* minimal.cpp in Sources */ = {isa = PBXBuildFile; fileRef = 405B1A9810EF228C00676938 /* minimal.cpp */; };
		40E3518B10EF314A0029DC34 /* libwx_osx_carbon_static.a in Frameworks */ = {isa = PBXBuildFile; fileRef = 40E3518410EF30F90029DC34 /* libwx_osx_carbon_static.a */; };
		40E3518C10EF31550029DC34 /* libwx_osx_carbon.dylib in Frameworks */ = {isa = PBXBuildFile; fileRef = 40E3518210EF30F90029DC34 /* libwx_osx_carbon.dylib */; };
		40E3519010EF320E0029DC34 /* libwx_osx_carbon.dylib in CopyFiles */ = {isa = PBXBuildFile; fileRef = 40E3518210EF30F90029DC34 /* libwx_osx_carbon.dylib */; };
/* End PBXBuildFile section */

/* Begin PBXContainerItemProxy section */
		40E3518110EF30F90029DC34 /* PBXContainerItemProxy */ = {
			isa = PBXContainerItemProxy;
			containerPortal = 40E3517C10EF30F90029DC34 /* wxcarbon.xcodeproj */;
			proxyType = 2;
			remoteGlobalIDString = D2AAC0C705546C1D00DB518D;
			remoteInfo = dynamic;
		};
		40E3518310EF30F90029DC34 /* PBXContainerItemProxy */ = {
			isa = PBXContainerItemProxy;
			containerPortal = 40E3517C10EF30F90029DC34 /* wxcarbon.xcodeproj */;
			proxyType = 2;
			remoteGlobalIDString = 404BEE6110EC83280080E2B8;
			remoteInfo = static;
		};
		40E3518710EF31300029DC34 /* PBXContainerItemProxy */ = {
			isa = PBXContainerItemProxy;
			containerPortal = 40E3517C10EF30F90029DC34 /* wxcarbon.xcodeproj */;
			proxyType = 1;
			remoteGlobalIDString = 363401F972C53D8EBD3D4BD9;
			remoteInfo = dynamic;
		};
		40E3518910EF313A0029DC34 /* PBXContainerItemProxy */ = {
			isa = PBXContainerItemProxy;
			containerPortal = 40E3517C10EF30F90029DC34 /* wxcarbon.xcodeproj */;
			proxyType = 1;
			remoteGlobalIDString = BAB02EC06578349A9171CCAC;
			remoteInfo = static;
		};
/* End PBXContainerItemProxy section */

/* Begin PBXCopyFilesBuildPhase section */
		405B1A9410EF209B00676938 /* CopyFiles */ = {
			isa = PBXCopyFilesBuildPhase;
			buildActionMask = 2147483647;
			dstPath = "";
			dstSubfolderSpec = 10;
			files = (
				40E3519010EF320E0029DC34 /* libwx_osx_carbon.dylib in CopyFiles */,
			);
			runOnlyForDeploymentPostprocessing = 0;
		};
/* End PBXCopyFilesBuildPhase section */

/* Begin PBXFileReference section */
		405B1A9810EF228C00676938 /* minimal.cpp */ = {isa = PBXFileReference; fileEncoding = 4; lastKnownFileType = sourcecode.cpp.cpp; path = minimal.cpp; sourceTree = "<group>"; };
		405B1ACB10EF253300676938 /* minimal_carbon.app */ = {isa = PBXFileReference; explicitFileType = wrapper.application; includeInIndex = 0; path = minimal_carbon.app; sourceTree = BUILT_PRODUCTS_DIR; };
		4073593F1370888D0077DE1B /* Info_carbon.plist */ = {isa = PBXFileReference; fileEncoding = 4; lastKnownFileType = text.plist.xml; path = Info_carbon.plist; sourceTree = "<group>"; };
		40A9683713B281D700B0D0DD /* wxdebug.xcconfig */ = {isa = PBXFileReference; fileEncoding = 4; lastKnownFileType = text.xcconfig; name = wxdebug.xcconfig; path = ../../build/osx/wxdebug.xcconfig; sourceTree = SOURCE_ROOT; };
		40A9683813B281D700B0D0DD /* wxrelease.xcconfig */ = {isa = PBXFileReference; fileEncoding = 4; lastKnownFileType = text.xcconfig; name = wxrelease.xcconfig; path = ../../build/osx/wxrelease.xcconfig; sourceTree = SOURCE_ROOT; };
		40E3517C10EF30F90029DC34 /* wxcarbon.xcodeproj */ = {isa = PBXFileReference; lastKnownFileType = "wrapper.pb-project"; name = wxcarbon.xcodeproj; path = ../../build/osx/wxcarbon.xcodeproj; sourceTree = SOURCE_ROOT; };
		40E3518610EF31130029DC34 /* wxcarbon.xcconfig */ = {isa = PBXFileReference; fileEncoding = 4; lastKnownFileType = text.xcconfig; name = wxcarbon.xcconfig; path = ../../build/osx/wxcarbon.xcconfig; sourceTree = SOURCE_ROOT; };
		8D1107320486CEB800E47090 /* minimal_carbon.app */ = {isa = PBXFileReference; explicitFileType = wrapper.application; includeInIndex = 0; path = minimal_carbon.app; sourceTree = BUILT_PRODUCTS_DIR; };
/* End PBXFileReference section */

/* Begin PBXFrameworksBuildPhase section */
		405B1AC410EF253300676938 /* Frameworks */ = {
			isa = PBXFrameworksBuildPhase;
			buildActionMask = 2147483647;
			files = (
				40E3518B10EF314A0029DC34 /* libwx_osx_carbon_static.a in Frameworks */,
			);
			runOnlyForDeploymentPostprocessing = 0;
		};
		8D11072E0486CEB800E47090 /* Frameworks */ = {
			isa = PBXFrameworksBuildPhase;
			buildActionMask = 2147483647;
			files = (
				40E3518C10EF31550029DC34 /* libwx_osx_carbon.dylib in Frameworks */,
			);
			runOnlyForDeploymentPostprocessing = 0;
		};
/* End PBXFrameworksBuildPhase section */

/* Begin PBXGroup section */
		19C28FACFE9D520D11CA2CBB /* Products */ = {
			isa = PBXGroup;
			children = (
				8D1107320486CEB800E47090 /* minimal_carbon.app */,
				405B1ACB10EF253300676938 /* minimal_carbon.app */,
			);
			name = Products;
			sourceTree = "<group>";
		};
		29B97314FDCFA39411CA2CEA /* minimal_cocoa */ = {
			isa = PBXGroup;
			children = (
				4073593F1370888D0077DE1B /* Info_carbon.plist */,
				40E3518610EF31130029DC34 /* wxcarbon.xcconfig */,
				40A9683713B281D700B0D0DD /* wxdebug.xcconfig */,
				40A9683813B281D700B0D0DD /* wxrelease.xcconfig */,
				40E3517C10EF30F90029DC34 /* wxcarbon.xcodeproj */,
				405B1A9710EF227D00676938 /* src */,
				19C28FACFE9D520D11CA2CBB /* Products */,
			);
			name = minimal_cocoa;
			sourceTree = "<group>";
		};
		405B1A9710EF227D00676938 /* src */ = {
			isa = PBXGroup;
			children = (
				405B1A9810EF228C00676938 /* minimal.cpp */,
			);
			name = src;
			sourceTree = "<group>";
		};
		40E3517D10EF30F90029DC34 /* Products */ = {
			isa = PBXGroup;
			children = (
				40E3518210EF30F90029DC34 /* libwx_osx_carbon.dylib */,
				40E3518410EF30F90029DC34 /* libwx_osx_carbon_static.a */,
			);
			name = Products;
			sourceTree = "<group>";
		};
/* End PBXGroup section */

/* Begin PBXNativeTarget section */
		405B1ABF10EF253300676938 /* static */ = {
			isa = PBXNativeTarget;
			buildConfigurationList = 405B1AC810EF253300676938 /* Build configuration list for PBXNativeTarget "static" */;
			buildPhases = (
				405B1AC210EF253300676938 /* Sources */,
				405B1AC410EF253300676938 /* Frameworks */,
			);
			buildRules = (
			);
			dependencies = (
				40E3518A10EF313A0029DC34 /* PBXTargetDependency */,
			);
			name = static;
			productInstallPath = "$(HOME)/Applications";
			productName = minimal_cocoa;
			productReference = 405B1ACB10EF253300676938 /* minimal_carbon.app */;
			productType = "com.apple.product-type.application";
		};
		8D1107260486CEB800E47090 /* dynamic */ = {
			isa = PBXNativeTarget;
			buildConfigurationList = C01FCF4A08A954540054247B /* Build configuration list for PBXNativeTarget "dynamic" */;
			buildPhases = (
				8D11072C0486CEB800E47090 /* Sources */,
				8D11072E0486CEB800E47090 /* Frameworks */,
				405B1A9410EF209B00676938 /* CopyFiles */,
			);
			buildRules = (
			);
			dependencies = (
				40E3518810EF31300029DC34 /* PBXTargetDependency */,
			);
			name = dynamic;
			productInstallPath = "$(HOME)/Applications";
			productName = minimal_cocoa;
			productReference = 8D1107320486CEB800E47090 /* minimal_carbon.app */;
			productType = "com.apple.product-type.application";
		};
/* End PBXNativeTarget section */

/* Begin PBXProject section */
		29B97313FDCFA39411CA2CEA /* Project object */ = {
			isa = PBXProject;
			buildConfigurationList = C01FCF4E08A954540054247B /* Build configuration list for PBXProject "minimal_carbon" */;
			compatibilityVersion = "Xcode 3.1";
			developmentRegion = English;
			hasScannedForEncodings = 1;
			knownRegions = (
				English,
				Japanese,
				French,
				German,
			);
			mainGroup = 29B97314FDCFA39411CA2CEA /* minimal_cocoa */;
			projectDirPath = "";
			projectReferences = (
				{
					ProductGroup = 40E3517D10EF30F90029DC34 /* Products */;
					ProjectRef = 40E3517C10EF30F90029DC34 /* wxcarbon.xcodeproj */;
				},
			);
			projectRoot = "";
			targets = (
				8D1107260486CEB800E47090 /* dynamic */,
				405B1ABF10EF253300676938 /* static */,
			);
		};
/* End PBXProject section */

/* Begin PBXReferenceProxy section */
		40E3518210EF30F90029DC34 /* libwx_osx_carbon.dylib */ = {
			isa = PBXReferenceProxy;
			fileType = "compiled.mach-o.dylib";
			path = libwx_osx_carbon.dylib;
			remoteRef = 40E3518110EF30F90029DC34 /* PBXContainerItemProxy */;
			sourceTree = BUILT_PRODUCTS_DIR;
		};
		40E3518410EF30F90029DC34 /* libwx_osx_carbon_static.a */ = {
			isa = PBXReferenceProxy;
			fileType = archive.ar;
			path = libwx_osx_carbon_static.a;
			remoteRef = 40E3518310EF30F90029DC34 /* PBXContainerItemProxy */;
			sourceTree = BUILT_PRODUCTS_DIR;
		};
/* End PBXReferenceProxy section */

/* Begin PBXSourcesBuildPhase section */
		405B1AC210EF253300676938 /* Sources */ = {
			isa = PBXSourcesBuildPhase;
			buildActionMask = 2147483647;
			files = (
				405B1AC310EF253300676938 /* minimal.cpp in Sources */,
			);
			runOnlyForDeploymentPostprocessing = 0;
		};
		8D11072C0486CEB800E47090 /* Sources */ = {
			isa = PBXSourcesBuildPhase;
			buildActionMask = 2147483647;
			files = (
				405B1A9910EF228C00676938 /* minimal.cpp in Sources */,
			);
			runOnlyForDeploymentPostprocessing = 0;
		};
/* End PBXSourcesBuildPhase section */

/* Begin PBXTargetDependency section */
		40E3518810EF31300029DC34 /* PBXTargetDependency */ = {
			isa = PBXTargetDependency;
			name = dynamic;
			targetProxy = 40E3518710EF31300029DC34 /* PBXContainerItemProxy */;
		};
		40E3518A10EF313A0029DC34 /* PBXTargetDependency */ = {
			isa = PBXTargetDependency;
			name = static;
			targetProxy = 40E3518910EF313A0029DC34 /* PBXContainerItemProxy */;
		};
/* End PBXTargetDependency section */

/* Begin XCBuildConfiguration section */
		405B1AC910EF253300676938 /* Debug */ = {
			isa = XCBuildConfiguration;
			baseConfigurationReference = 40E3518610EF31130029DC34 /* wxcarbon.xcconfig */;
			buildSettings = {
				OTHER_LDFLAGS = (
					"$(OTHER_LDFLAGS)",
					"-lz",
				);
				PRODUCT_NAME = minimal_carbon;
			};
			name = Debug;
		};
		405B1ACA10EF253300676938 /* Release */ = {
			isa = XCBuildConfiguration;
			baseConfigurationReference = 40E3518610EF31130029DC34 /* wxcarbon.xcconfig */;
			buildSettings = {
				OTHER_LDFLAGS = (
					"$(OTHER_LDFLAGS)",
					"-lz",
				);
				PRODUCT_NAME = minimal_carbon;
			};
			name = Release;
		};
		C01FCF4B08A954540054247B /* Debug */ = {
			isa = XCBuildConfiguration;
			baseConfigurationReference = 40E3518610EF31130029DC34 /* wxcarbon.xcconfig */;
			buildSettings = {
				PRODUCT_NAME = minimal_carbon;
				WXROOT = "$(PROJECT_DIR)/../..";
			};
			name = Debug;
		};
		C01FCF4C08A954540054247B /* Release */ = {
			isa = XCBuildConfiguration;
			baseConfigurationReference = 40E3518610EF31130029DC34 /* wxcarbon.xcconfig */;
			buildSettings = {
				PRODUCT_NAME = minimal_carbon;
				WXROOT = "$(PROJECT_DIR)/../..";
			};
			name = Release;
		};
		C01FCF4F08A954540054247B /* Debug */ = {
			isa = XCBuildConfiguration;
			baseConfigurationReference = 40A9683713B281D700B0D0DD /* wxdebug.xcconfig */;
			buildSettings = {
				INFOPLIST_FILE = Info_carbon.plist;
				WXROOT = "$(PROJECT_DIR)/../..";
			};
			name = Debug;
		};
		C01FCF5008A954540054247B /* Release */ = {
			isa = XCBuildConfiguration;
			buildSettings = {
				INFOPLIST_FILE = Info_carbon.plist;
				WXROOT = "$(PROJECT_DIR)/../..";
			};
			name = Release;
		};
/* End XCBuildConfiguration section */

/* Begin XCConfigurationList section */
		405B1AC810EF253300676938 /* Build configuration list for PBXNativeTarget "static" */ = {
			isa = XCConfigurationList;
			buildConfigurations = (
				405B1AC910EF253300676938 /* Debug */,
				405B1ACA10EF253300676938 /* Release */,
			);
			defaultConfigurationIsVisible = 0;
			defaultConfigurationName = Release;
		};
		C01FCF4A08A954540054247B /* Build configuration list for PBXNativeTarget "dynamic" */ = {
			isa = XCConfigurationList;
			buildConfigurations = (
				C01FCF4B08A954540054247B /* Debug */,
				C01FCF4C08A954540054247B /* Release */,
			);
			defaultConfigurationIsVisible = 0;
			defaultConfigurationName = Release;
		};
		C01FCF4E08A954540054247B /* Build configuration list for PBXProject "minimal_carbon" */ = {
			isa = XCConfigurationList;
			buildConfigurations = (
				C01FCF4F08A954540054247B /* Debug */,
				C01FCF5008A954540054247B /* Release */,
			);
			defaultConfigurationIsVisible = 0;
			defaultConfigurationName = Release;
		};
/* End XCConfigurationList section */
	};
	rootObject = 29B97313FDCFA39411CA2CEA /* Project object */;
}
