Microsoft Visual Studio Solution File, Format Version 8.00
Project("{8BC9CEB8-8B4A-11D0-8D11-00A0C91BC942}") = "wizard", "wizard_vc7.vcproj", "{7AFEF279-B29E-5EA2-8F36-5991AC453A7B}"
EndProject
Global
	GlobalSection(SolutionConfigurationPlatforms) = preSolution
		Debug|Win32 = Debug|Win32
		Release|Win32 = Release|Win32
		DLL Debug|Win32 = DLL Debug|Win32
		DLL Release|Win32 = DLL Release|Win32
	EndGlobalSection
	GlobalSection(ProjectConfigurationPlatforms) = postSolution
		{7AFEF279-B29E-5EA2-8F36-5991AC453A7B}.Debug|Win32.ActiveCfg = Debug|Win32
		{7AFEF279-B29E-5EA2-8F36-5991AC453A7B}.Debug|Win32.Build.0 = Debug|Win32
		{7AFEF279-B29E-5EA2-8F36-5991AC453A7B}.Release|Win32.ActiveCfg = Release|Win32
		{7AFEF279-B29E-5EA2-8F36-5991AC453A7B}.Release|Win32.Build.0 = Release|Win32
		{7AFEF279-B29E-5EA2-8F36-5991AC453A7B}.DLL Debug|Win32.ActiveCfg = DLL Debug|Win32
		{7AFEF279-B29E-5EA2-8F36-5991AC453A7B}.DLL Debug|Win32.Build.0 = DLL Debug|Win32
		{7AFEF279-B29E-5EA2-8F36-5991AC453A7B}.DLL Release|Win32.ActiveCfg = DLL Release|Win32
		{7AFEF279-B29E-5EA2-8F36-5991AC453A7B}.DLL Release|Win32.Build.0 = DLL Release|Win32
	EndGlobalSection
	GlobalSection(SolutionProperties) = preSolution
		HideSolutionNode = FALSE
	EndGlobalSection
EndGlobal

