Microsoft Visual Studio Solution File, Format Version 8.00
Project("{8BC9CEB8-8B4A-11D0-8D11-00A0C91BC942}") = "shaped", "shaped_vc7.vcproj", "{957887E5-817D-584F-BDBF-A35522CC8EC9}"
EndProject
Global
	GlobalSection(SolutionConfigurationPlatforms) = preSolution
		Debug|Win32 = Debug|Win32
		Release|Win32 = Release|Win32
		DLL Debug|Win32 = DLL Debug|Win32
		DLL Release|Win32 = DLL Release|Win32
	EndGlobalSection
	GlobalSection(ProjectConfigurationPlatforms) = postSolution
		{957887E5-817D-584F-BDBF-A35522CC8EC9}.Debug|Win32.ActiveCfg = Debug|Win32
		{957887E5-817D-584F-BDBF-A35522CC8EC9}.Debug|Win32.Build.0 = Debug|Win32
		{957887E5-817D-584F-BDBF-A35522CC8EC9}.Release|Win32.ActiveCfg = Release|Win32
		{957887E5-817D-584F-BDBF-A35522CC8EC9}.Release|Win32.Build.0 = Release|Win32
		{957887E5-817D-584F-BDBF-A35522CC8EC9}.DLL Debug|Win32.ActiveCfg = DLL Debug|Win32
		{957887E5-817D-584F-BDBF-A35522CC8EC9}.DLL Debug|Win32.Build.0 = DLL Debug|Win32
		{957887E5-817D-584F-BDBF-A35522CC8EC9}.DLL Release|Win32.ActiveCfg = DLL Release|Win32
		{957887E5-817D-584F-BDBF-A35522CC8EC9}.DLL Release|Win32.Build.0 = DLL Release|Win32
	EndGlobalSection
	GlobalSection(SolutionProperties) = preSolution
		HideSolutionNode = FALSE
	EndGlobalSection
EndGlobal

