Microsoft Visual Studio Solution File, Format Version 10.00
# Visual Studio 2008
Project("{8BC9CEB8-8B4A-11D0-8D11-00A0C91BC942}") = "propgrid", "propgrid_vc9.vcproj", "{9F028A49-3F1C-527D-8A3B-B02716C5851E}"
EndProject
Global
	GlobalSection(SolutionConfigurationPlatforms) = preSolution
		DLL Universal Release|Win32 = DLL Universal Release|Win32
		DLL Universal Debug|Win32 = DLL Universal Debug|Win32
		DLL Release|Win32 = DLL Release|Win32
		DLL Debug|Win32 = DLL Debug|Win32
		Universal Release|Win32 = Universal Release|Win32
		Universal Debug|Win32 = Universal Debug|Win32
		Release|Win32 = Release|Win32
		Debug|Win32 = Debug|Win32
	EndGlobalSection
	GlobalSection(ProjectConfigurationPlatforms) = postSolution
		{9F028A49-3F1C-527D-8A3B-B02716C5851E}.DLL Universal Release|Win32.ActiveCfg = DLL Universal Release|Win32
		{9F028A49-3F1C-527D-8A3B-B02716C5851E}.DLL Universal Release|Win32.Build.0 = DLL Universal Release|Win32
		{9F028A49-3F1C-527D-8A3B-B02716C5851E}.DLL Universal Debug|Win32.ActiveCfg = DLL Universal Debug|Win32
		{9F028A49-3F1C-527D-8A3B-B02716C5851E}.DLL Universal Debug|Win32.Build.0 = DLL Universal Debug|Win32
		{9F028A49-3F1C-527D-8A3B-B02716C5851E}.DLL Release|Win32.ActiveCfg = DLL Release|Win32
		{9F028A49-3F1C-527D-8A3B-B02716C5851E}.DLL Release|Win32.Build.0 = DLL Release|Win32
		{9F028A49-3F1C-527D-8A3B-B02716C5851E}.DLL Debug|Win32.ActiveCfg = DLL Debug|Win32
		{9F028A49-3F1C-527D-8A3B-B02716C5851E}.DLL Debug|Win32.Build.0 = DLL Debug|Win32
		{9F028A49-3F1C-527D-8A3B-B02716C5851E}.Universal Release|Win32.ActiveCfg = Universal Release|Win32
		{9F028A49-3F1C-527D-8A3B-B02716C5851E}.Universal Release|Win32.Build.0 = Universal Release|Win32
		{9F028A49-3F1C-527D-8A3B-B02716C5851E}.Universal Debug|Win32.ActiveCfg = Universal Debug|Win32
		{9F028A49-3F1C-527D-8A3B-B02716C5851E}.Universal Debug|Win32.Build.0 = Universal Debug|Win32
		{9F028A49-3F1C-527D-8A3B-B02716C5851E}.Release|Win32.ActiveCfg = Release|Win32
		{9F028A49-3F1C-527D-8A3B-B02716C5851E}.Release|Win32.Build.0 = Release|Win32
		{9F028A49-3F1C-527D-8A3B-B02716C5851E}.Debug|Win32.ActiveCfg = Debug|Win32
		{9F028A49-3F1C-527D-8A3B-B02716C5851E}.Debug|Win32.Build.0 = Debug|Win32
	EndGlobalSection
	GlobalSection(SolutionProperties) = preSolution
		HideSolutionNode = FALSE
	EndGlobalSection
EndGlobal

