Microsoft Visual Studio Solution File, Format Version 8.00
Project("{8BC9CEB8-8B4A-11D0-8D11-00A0C91BC942}") = "virtual", "virtual_vc7.vcproj", "{6E461F2C-5D12-5B31-B3D2-03E9A9F277FC}"
EndProject
Global
	GlobalSection(SolutionConfigurationPlatforms) = preSolution
		Debug|Win32 = Debug|Win32
		Release|Win32 = Release|Win32
		DLL Debug|Win32 = DLL Debug|Win32
		DLL Release|Win32 = DLL Release|Win32
	EndGlobalSection
	GlobalSection(ProjectConfigurationPlatforms) = postSolution
		{6E461F2C-5D12-5B31-B3D2-03E9A9F277FC}.Debug|Win32.ActiveCfg = Debug|Win32
		{6E461F2C-5D12-5B31-B3D2-03E9A9F277FC}.Debug|Win32.Build.0 = Debug|Win32
		{6E461F2C-5D12-5B31-B3D2-03E9A9F277FC}.Release|Win32.ActiveCfg = Release|Win32
		{6E461F2C-5D12-5B31-B3D2-03E9A9F277FC}.Release|Win32.Build.0 = Release|Win32
		{6E461F2C-5D12-5B31-B3D2-03E9A9F277FC}.DLL Debug|Win32.ActiveCfg = DLL Debug|Win32
		{6E461F2C-5D12-5B31-B3D2-03E9A9F277FC}.DLL Debug|Win32.Build.0 = DLL Debug|Win32
		{6E461F2C-5D12-5B31-B3D2-03E9A9F277FC}.DLL Release|Win32.ActiveCfg = DLL Release|Win32
		{6E461F2C-5D12-5B31-B3D2-03E9A9F277FC}.DLL Release|Win32.Build.0 = DLL Release|Win32
	EndGlobalSection
	GlobalSection(SolutionProperties) = preSolution
		HideSolutionNode = FALSE
	EndGlobalSection
EndGlobal

