Microsoft Visual Studio Solution File, Format Version 8.00
Project("{8BC9CEB8-8B4A-11D0-8D11-00A0C91BC942}") = "preferences", "preferences_vc7.vcproj", "{96206639-04EC-58E7-8BD7-3A02645F9A57}"
EndProject
Global
	GlobalSection(SolutionConfigurationPlatforms) = preSolution
		Debug|Win32 = Debug|Win32
		Release|Win32 = Release|Win32
		DLL Debug|Win32 = DLL Debug|Win32
		DLL Release|Win32 = DLL Release|Win32
	EndGlobalSection
	GlobalSection(ProjectConfigurationPlatforms) = postSolution
		{96206639-04EC-58E7-8BD7-3A02645F9A57}.Debug|Win32.ActiveCfg = Debug|Win32
		{96206639-04EC-58E7-8BD7-3A02645F9A57}.Debug|Win32.Build.0 = Debug|Win32
		{96206639-04EC-58E7-8BD7-3A02645F9A57}.Release|Win32.ActiveCfg = Release|Win32
		{96206639-04EC-58E7-8BD7-3A02645F9A57}.Release|Win32.Build.0 = Release|Win32
		{96206639-04EC-58E7-8BD7-3A02645F9A57}.DLL Debug|Win32.ActiveCfg = DLL Debug|Win32
		{96206639-04EC-58E7-8BD7-3A02645F9A57}.DLL Debug|Win32.Build.0 = DLL Debug|Win32
		{96206639-04EC-58E7-8BD7-3A02645F9A57}.DLL Release|Win32.ActiveCfg = DLL Release|Win32
		{96206639-04EC-58E7-8BD7-3A02645F9A57}.DLL Release|Win32.Build.0 = DLL Release|Win32
	EndGlobalSection
	GlobalSection(SolutionProperties) = preSolution
		HideSolutionNode = FALSE
	EndGlobalSection
EndGlobal

