// !$*UTF8*$!
{
	archiveVersion = 1;
	classes = {
	};
	objectVersion = 39;
	objects = {
		05952DFCFFF02D1B11CA0E50 = {
			buildSettings = {
				COPY_PHASE_STRIP = NO;
				GCC_DYNAMIC_NO_PIC = NO;
				GCC_ENABLE_FIX_AND_CONTINUE = YES;
				GCC_GENERATE_DEBUGGING_SYMBOLS = YES;
				GCC_OPTIMIZATION_LEVEL = 0;
				OPTIMIZATION_CFLAGS = "-O0";
				ZERO_LINK = YES;
			};
			isa = PBXBuildStyle;
			name = Development;
		};
		05952DFDFFF02D1B11CA0E50 = {
			buildSettings = {
				COPY_PHASE_STRIP = YES;
				GCC_ENABLE_FIX_AND_CONTINUE = NO;
				ZERO_LINK = NO;
			};
			isa = PBXBuildStyle;
			name = Deployment;
		};
//050
//051
//052
//053
//054
//190
//191
//192
//193
//194
		195DF8C9FE9D4F0611CA2CBB = {
			children = (
				4086D0F0063BBC5B00D4CD53,
				4086D100063BBC5C00D4CD53,
				4086D110063BBC5C00D4CD53,
				4086D120063BBC5C00D4CD53,
			);
			isa = PBXGroup;
			name = Products;
			refType = 4;
			sourceTree = "<group>";
		};
//190
//191
//192
//193
//194
//200
//201
//202
//203
//204
		20286C28FDCF999611CA2CEA = {
			buildSettings = {
			};
			buildStyles = (
				05952DFCFFF02D1B11CA0E50,
				05952DFDFFF02D1B11CA0E50,
			);
			hasScannedForEncodings = 1;
			isa = PBXProject;
			mainGroup = 20286C29FDCF999611CA2CEA;
			projectDirPath = "";
			targets = (
				4086D0E2063BBC5B00D4CD53,
				4086D0F2063BBC5B00D4CD53,
				4086D102063BBC5C00D4CD53,
				4086D112063BBC5C00D4CD53,
				405DD1B0063CD57F00F579EE,
			);
		};
		20286C29FDCF999611CA2CEA = {
			children = (
				20286C2AFDCF999611CA2CEA,
				20286C2CFDCF999611CA2CEA,
				20286C32FDCF999611CA2CEA,
				195DF8C9FE9D4F0611CA2CBB,
				4086D0EF063BBC5B00D4CD53,
			);
			isa = PBXGroup;
			name = "¬´PROJECTNAME¬ª";
			path = "";
			refType = 4;
			sourceTree = "<group>";
		};
		20286C2AFDCF999611CA2CEA = {
			children = (
				F591E05701FCC5DE01000133,
			);
			isa = PBXGroup;
			name = Sources;
			path = "";
			refType = 4;
			sourceTree = "<group>";
		};
		20286C2CFDCF999611CA2CEA = {
			children = (
				F5F5A69A02CDB0E101000133,
			);
			isa = PBXGroup;
			name = Resources;
			path = "";
			refType = 4;
			sourceTree = "<group>";
		};
		20286C32FDCF999611CA2CEA = {
			children = (
				F5F5A69602CDB02701000133,
				F5A0C6B502CF7C9601000133,
				CA89578E04D706FC00000080,
				CA89596C04D79FED00000080,
				20286C33FDCF999611CA2CEA,
				CA60173504D423C000000080,
				40B6DFF2063CD7B000442FB3,
			);
			isa = PBXGroup;
			name = "External Frameworks and Libraries";
			path = "";
			refType = 4;
			sourceTree = "<group>";
		};
		20286C33FDCF999611CA2CEA = {
			isa = PBXFileReference;
			lastKnownFileType = wrapper.framework;
			name = Carbon.framework;
			path = /System/Library/Frameworks/Carbon.framework;
			refType = 0;
			sourceTree = "<absolute>";
		};
//200
//201
//202
//203
//204
//400
//401
//402
//403
//404
		405DD1B0063CD57F00F579EE = {
			buildPhases = (
			);
			buildSettings = {
				OTHER_CFLAGS = "";
				OTHER_LDFLAGS = "";
				OTHER_REZFLAGS = "";
				PRODUCT_NAME = "Build All";
				SECTORDER_FLAGS = "";
				WARNING_CFLAGS = "-Wmost -Wno-four-char-constants -Wno-unknown-pragmas";
			};
			dependencies = (
				405DD1C2063CD5B500F579EE,
				405DD1C4063CD5B500F579EE,
				405DD1C6063CD5B500F579EE,
				405DD1C8063CD5B500F579EE,
			);
			isa = PBXAggregateTarget;
			name = "Build All";
			productName = "Build All";
		};
		405DD1C1063CD5B500F579EE = {
			containerPortal = 20286C28FDCF999611CA2CEA;
			isa = PBXContainerItemProxy;
			proxyType = 1;
			remoteGlobalIDString = 4086D0E2063BBC5B00D4CD53;
			remoteInfo = StaticDebug;
		};
		405DD1C2063CD5B500F579EE = {
			isa = PBXTargetDependency;
			target = 4086D0E2063BBC5B00D4CD53;
			targetProxy = 405DD1C1063CD5B500F579EE;
		};
		405DD1C3063CD5B500F579EE = {
			containerPortal = 20286C28FDCF999611CA2CEA;
			isa = PBXContainerItemProxy;
			proxyType = 1;
			remoteGlobalIDString = 4086D0F2063BBC5B00D4CD53;
			remoteInfo = StaticRelease;
		};
		405DD1C4063CD5B500F579EE = {
			isa = PBXTargetDependency;
			target = 4086D0F2063BBC5B00D4CD53;
			targetProxy = 405DD1C3063CD5B500F579EE;
		};
		405DD1C5063CD5B500F579EE = {
			containerPortal = 20286C28FDCF999611CA2CEA;
			isa = PBXContainerItemProxy;
			proxyType = 1;
			remoteGlobalIDString = 4086D102063BBC5C00D4CD53;
			remoteInfo = DynamicDebug;
		};
		405DD1C6063CD5B500F579EE = {
			isa = PBXTargetDependency;
			target = 4086D102063BBC5C00D4CD53;
			targetProxy = 405DD1C5063CD5B500F579EE;
		};
		405DD1C7063CD5B500F579EE = {
			containerPortal = 20286C28FDCF999611CA2CEA;
			isa = PBXContainerItemProxy;
			proxyType = 1;
			remoteGlobalIDString = 4086D112063BBC5C00D4CD53;
			remoteInfo = DynamicRelease;
		};
		405DD1C8063CD5B500F579EE = {
			isa = PBXTargetDependency;
			target = 4086D112063BBC5C00D4CD53;
			targetProxy = 405DD1C7063CD5B500F579EE;
		};
		4086D0E2063BBC5B00D4CD53 = {
			buildPhases = (
				4086D0E3063BBC5B00D4CD53,
				4086D0E4063BBC5B00D4CD53,
				4086D0E6063BBC5B00D4CD53,
				4086D0E8063BBC5B00D4CD53,
				4086D0ED063BBC5B00D4CD53,
			);
			buildRules = (
			);
			buildSettings = {
				FRAMEWORK_SEARCH_PATHS = "";
				GCC_OPTIMIZATION_LEVEL = 0;
				GCC_PRECOMPILE_PREFIX_HEADER = YES;
				GCC_PREFIX_HEADER = ../../include/wx/wxprec.h;
				GCC_PREPROCESSOR_DEFINITIONS = "NO_GCC_PRAGMA __WXDEBUG__ __WXMAC__ _FILE_OFFSET_BITS=64 _LARGE_FILES  __WXMAC_XCODE__=1 WX_PRECOMP=1";
				HEADER_SEARCH_PATHS = "../../src/build/wxWindows.build/wxStaticDebug.build/DerivedSources/include ../../src/build/include ../../include . - /usr/include";
				INFOPLIST_FILE = Info.plist;
				INSTALL_PATH = "$(HOME)/Applications";
				LIBRARY_SEARCH_PATHS = ../../src/build;
				OTHER_CFLAGS = "";
				OTHER_LDFLAGS = "";
				OTHER_RESMERGERFLAGS = "-srcIs DF";
				OTHER_REZFLAGS = "";
				PRODUCT_NAME = minimalStaticDebug;
				SECTORDER_FLAGS = "";
				WARNING_CFLAGS = "-Wmost -Wno-four-char-constants -Wno-unknown-pragmas";
				WRAPPER_EXTENSION = app;
			};
			dependencies = (
			);
			isa = PBXNativeTarget;
			name = StaticDebug;
			productInstallPath = "$(HOME)/Applications";
			productName = minimalStaticDebug;
			productReference = 4086D0F0063BBC5B00D4CD53;
			productType = "com.apple.product-type.application";
		};
		4086D0E3063BBC5B00D4CD53 = {
			buildActionMask = 2147483647;
			files = (
			);
			isa = PBXHeadersBuildPhase;
			runOnlyForDeploymentPostprocessing = 0;
		};
		4086D0E4063BBC5B00D4CD53 = {
			buildActionMask = 2147483647;
			files = (
				4086D0E5063BBC5B00D4CD53,
			);
			isa = PBXResourcesBuildPhase;
			runOnlyForDeploymentPostprocessing = 0;
		};
		4086D0E5063BBC5B00D4CD53 = {
			fileRef = F5F5A69A02CDB0E101000133;
			isa = PBXBuildFile;
			settings = {
			};
		};
		4086D0E6063BBC5B00D4CD53 = {
			buildActionMask = 2147483647;
			files = (
				4086D0E7063BBC5B00D4CD53,
			);
			isa = PBXSourcesBuildPhase;
			runOnlyForDeploymentPostprocessing = 0;
		};
		4086D0E7063BBC5B00D4CD53 = {
			fileRef = F591E05701FCC5DE01000133;
			isa = PBXBuildFile;
			settings = {
			};
		};
		4086D0E8063BBC5B00D4CD53 = {
			buildActionMask = 2147483647;
			files = (
				4086D0E9063BBC5B00D4CD53,
				4086D0EB063BBC5B00D4CD53,
				4086D0EC063BBC5B00D4CD53,
				40B6DFF3063CD7B000442FB3,
			);
			isa = PBXFrameworksBuildPhase;
			runOnlyForDeploymentPostprocessing = 0;
		};
		4086D0E9063BBC5B00D4CD53 = {
			fileRef = 20286C33FDCF999611CA2CEA;
			isa = PBXBuildFile;
			settings = {
			};
		};
		4086D0EB063BBC5B00D4CD53 = {
			fileRef = F5F5A69602CDB02701000133;
			isa = PBXBuildFile;
			settings = {
			};
		};
		4086D0EC063BBC5B00D4CD53 = {
			fileRef = CA60173504D423C000000080;
			isa = PBXBuildFile;
			settings = {
			};
		};
		4086D0ED063BBC5B00D4CD53 = {
			buildActionMask = 2147483647;
			files = (
			);
			isa = PBXRezBuildPhase;
			runOnlyForDeploymentPostprocessing = 0;
		};
		4086D0EF063BBC5B00D4CD53 = {
			isa = PBXFileReference;
			lastKnownFileType = text.xml;
			path = Info.plist;
			refType = 4;
			sourceTree = "<group>";
		};
		4086D0F0063BBC5B00D4CD53 = {
			explicitFileType = wrapper.application;
			includeInIndex = 0;
			isa = PBXFileReference;
			path = minimalStaticDebug.app;
			refType = 3;
			sourceTree = BUILT_PRODUCTS_DIR;
		};
		4086D0F2063BBC5B00D4CD53 = {
			buildPhases = (
				4086D0F3063BBC5B00D4CD53,
				4086D0F4063BBC5B00D4CD53,
				4086D0F6063BBC5B00D4CD53,
				4086D0F8063BBC5B00D4CD53,
				4086D0FD063BBC5B00D4CD53,
			);
			buildRules = (
			);
			buildSettings = {
				FRAMEWORK_SEARCH_PATHS = "";
				GCC_GENERATE_DEBUGGING_SYMBOLS = NO;
				GCC_OPTIMIZATION_LEVEL = 3;
				GCC_PRECOMPILE_PREFIX_HEADER = YES;
				GCC_PREFIX_HEADER = ../../include/wx/wxprec.h;
				GCC_PREPROCESSOR_DEFINITIONS = "NO_GCC_PRAGMA __WXMAC__ _FILE_OFFSET_BITS=64 _LARGE_FILES __WXMAC_XCODE__=1 WX_PRECOMP=1";
				HEADER_SEARCH_PATHS = "../../src/build/wxWindows.build/wxStaticRelease.build/DerivedSources/include ../../include ../../src/build/include . - /usr/include";
				INFOPLIST_FILE = Info.plist;
				INSTALL_PATH = "$(HOME)/Applications";
				LIBRARY_SEARCH_PATHS = ../../src/build;
				OTHER_CFLAGS = "";
				OTHER_LDFLAGS = "";
				OTHER_RESMERGERFLAGS = "-srcIs DF";
				OTHER_REZFLAGS = "";
				PRODUCT_NAME = minimalStaticRelease;
				SECTORDER_FLAGS = "";
				WARNING_CFLAGS = "-Wmost -Wno-four-char-constants -Wno-unknown-pragmas";
				WRAPPER_EXTENSION = app;
			};
			dependencies = (
			);
			isa = PBXNativeTarget;
			name = StaticRelease;
			productInstallPath = "$(HOME)/Applications";
			productName = minimalStaticDebug;
			productReference = 4086D100063BBC5C00D4CD53;
			productType = "com.apple.product-type.application";
		};
		4086D0F3063BBC5B00D4CD53 = {
			buildActionMask = 2147483647;
			files = (
			);
			isa = PBXHeadersBuildPhase;
			runOnlyForDeploymentPostprocessing = 0;
		};
		4086D0F4063BBC5B00D4CD53 = {
			buildActionMask = 2147483647;
			files = (
				4086D0F5063BBC5B00D4CD53,
			);
			isa = PBXResourcesBuildPhase;
			runOnlyForDeploymentPostprocessing = 0;
		};
		4086D0F5063BBC5B00D4CD53 = {
			fileRef = F5F5A69A02CDB0E101000133;
			isa = PBXBuildFile;
			settings = {
			};
		};
		4086D0F6063BBC5B00D4CD53 = {
			buildActionMask = 2147483647;
			files = (
				4086D0F7063BBC5B00D4CD53,
			);
			isa = PBXSourcesBuildPhase;
			runOnlyForDeploymentPostprocessing = 0;
		};
		4086D0F7063BBC5B00D4CD53 = {
			fileRef = F591E05701FCC5DE01000133;
			isa = PBXBuildFile;
			settings = {
			};
		};
		4086D0F8063BBC5B00D4CD53 = {
			buildActionMask = 2147483647;
			files = (
				4086D0F9063BBC5B00D4CD53,
				4086D0FB063BBC5B00D4CD53,
				4086D0FC063BBC5B00D4CD53,
				40B6DFF4063CD7B000442FB3,
			);
			isa = PBXFrameworksBuildPhase;
			runOnlyForDeploymentPostprocessing = 0;
		};
		4086D0F9063BBC5B00D4CD53 = {
			fileRef = 20286C33FDCF999611CA2CEA;
			isa = PBXBuildFile;
			settings = {
			};
		};
		4086D0FB063BBC5B00D4CD53 = {
			fileRef = F5A0C6B502CF7C9601000133;
			isa = PBXBuildFile;
			settings = {
			};
		};
		4086D0FC063BBC5B00D4CD53 = {
			fileRef = CA60173504D423C000000080;
			isa = PBXBuildFile;
			settings = {
			};
		};
		4086D0FD063BBC5B00D4CD53 = {
			buildActionMask = 2147483647;
			files = (
			);
			isa = PBXRezBuildPhase;
			runOnlyForDeploymentPostprocessing = 0;
		};
		4086D100063BBC5C00D4CD53 = {
			explicitFileType = wrapper.application;
			includeInIndex = 0;
			isa = PBXFileReference;
			path = minimalStaticRelease.app;
			refType = 3;
			sourceTree = BUILT_PRODUCTS_DIR;
		};
		4086D102063BBC5C00D4CD53 = {
			buildPhases = (
				40ADC58D081629DD0009DA36,
				4086D103063BBC5C00D4CD53,
				4086D104063BBC5C00D4CD53,
				4086D106063BBC5C00D4CD53,
				4086D108063BBC5C00D4CD53,
				4086D10D063BBC5C00D4CD53,
			);
			buildRules = (
			);
			buildSettings = {
				FRAMEWORK_SEARCH_PATHS = "";
				GCC_OPTIMIZATION_LEVEL = 0;
				GCC_PRECOMPILE_PREFIX_HEADER = YES;
				GCC_PREFIX_HEADER = ../../include/wx/wxprec.h;
				GCC_PREPROCESSOR_DEFINITIONS = "NO_GCC_PRAGMA __WXDEBUG__ WXUSINGDLL __WXMAC__ _FILE_OFFSET_BITS=64 _LARGE_FILES __WXMAC_XCODE__=1 WX_PRECOMP=1";
				HEADER_SEARCH_PATHS = "../../src/build/wxWindows.build/wxDynamicDebug.build/DerivedSources/include ../../include ../../src/build/include . - /usr/include";
				INFOPLIST_FILE = Info.plist;
				INSTALL_PATH = "$(HOME)/Applications";
				LIBRARY_SEARCH_PATHS = ../../src/build;
				OTHER_CFLAGS = "";
				OTHER_LDFLAGS = "";
				OTHER_RESMERGERFLAGS = "-srcIs DF";
				OTHER_REZFLAGS = "";
				PRODUCT_NAME = minimalDynamicDebug;
				SECTORDER_FLAGS = "";
				WARNING_CFLAGS = "-Wmost -Wno-four-char-constants -Wno-unknown-pragmas";
				WRAPPER_EXTENSION = app;
			};
			dependencies = (
			);
			isa = PBXNativeTarget;
			name = DynamicDebug;
			productInstallPath = "$(HOME)/Applications";
			productName = minimalDynamicDebug;
			productReference = 4086D110063BBC5C00D4CD53;
			productType = "com.apple.product-type.application";
		};
		4086D103063BBC5C00D4CD53 = {
			buildActionMask = 2147483647;
			files = (
			);
			isa = PBXHeadersBuildPhase;
			runOnlyForDeploymentPostprocessing = 0;
		};
		4086D104063BBC5C00D4CD53 = {
			buildActionMask = 2147483647;
			files = (
				4086D105063BBC5C00D4CD53,
			);
			isa = PBXResourcesBuildPhase;
			runOnlyForDeploymentPostprocessing = 0;
		};
		4086D105063BBC5C00D4CD53 = {
			fileRef = F5F5A69A02CDB0E101000133;
			isa = PBXBuildFile;
			settings = {
			};
		};
		4086D106063BBC5C00D4CD53 = {
			buildActionMask = 2147483647;
			files = (
				4086D107063BBC5C00D4CD53,
			);
			isa = PBXSourcesBuildPhase;
			runOnlyForDeploymentPostprocessing = 0;
		};
		4086D107063BBC5C00D4CD53 = {
			fileRef = F591E05701FCC5DE01000133;
			isa = PBXBuildFile;
			settings = {
			};
		};
		4086D108063BBC5C00D4CD53 = {
			buildActionMask = 2147483647;
			files = (
				4086D109063BBC5C00D4CD53,
				4086D10B063BBC5C00D4CD53,
				4086D10C063BBC5C00D4CD53,
			);
			isa = PBXFrameworksBuildPhase;
			runOnlyForDeploymentPostprocessing = 0;
		};
		4086D109063BBC5C00D4CD53 = {
			fileRef = 20286C33FDCF999611CA2CEA;
			isa = PBXBuildFile;
			settings = {
			};
		};
		4086D10B063BBC5C00D4CD53 = {
			fileRef = CA60173504D423C000000080;
			isa = PBXBuildFile;
			settings = {
			};
		};
		4086D10C063BBC5C00D4CD53 = {
			fileRef = CA89578E04D706FC00000080;
			isa = PBXBuildFile;
			settings = {
			};
		};
		4086D10D063BBC5C00D4CD53 = {
			buildActionMask = 2147483647;
			files = (
			);
			isa = PBXRezBuildPhase;
			runOnlyForDeploymentPostprocessing = 0;
		};
		4086D110063BBC5C00D4CD53 = {
			explicitFileType = wrapper.application;
			includeInIndex = 0;
			isa = PBXFileReference;
			path = minimalDynamicDebug.app;
			refType = 3;
			sourceTree = BUILT_PRODUCTS_DIR;
		};
		4086D112063BBC5C00D4CD53 = {
			buildPhases = (
				40ADC6C508163A7C0009DA36,
				4086D113063BBC5C00D4CD53,
				4086D114063BBC5C00D4CD53,
				4086D116063BBC5C00D4CD53,
				4086D118063BBC5C00D4CD53,
				4086D11D063BBC5C00D4CD53,
			);
			buildRules = (
			);
			buildSettings = {
				FRAMEWORK_SEARCH_PATHS = "";
				GCC_GENERATE_DEBUGGING_SYMBOLS = NO;
				GCC_OPTIMIZATION_LEVEL = 3;
				GCC_PRECOMPILE_PREFIX_HEADER = YES;
				GCC_PREFIX_HEADER = ../../include/wx/wxprec.h;
				GCC_PREPROCESSOR_DEFINITIONS = "NO_GCC_PRAGMA WXUSINGDLL __WXMAC__ _FILE_OFFSET_BITS=64 _LARGE_FILES __WXMAC_XCODE__=1 WX_PRECOMP=1";
				HEADER_SEARCH_PATHS = "../../src/build/wxWindows.build/wxDynamicRelease.build/DerivedSources/include ../../include ../../src/build/include . - /usr/include";
				INFOPLIST_FILE = Info.plist;
				INSTALL_PATH = "$(HOME)/Applications";
				LIBRARY_SEARCH_PATHS = ../../src/build;
				OTHER_CFLAGS = "";
				OTHER_LDFLAGS = "";
				OTHER_RESMERGERFLAGS = "-srcIs DF";
				OTHER_REZFLAGS = "";
				PRODUCT_NAME = minimalDynamicRelease;
				SECTORDER_FLAGS = "";
				WARNING_CFLAGS = "-Wmost -Wno-four-char-constants -Wno-unknown-pragmas";
				WRAPPER_EXTENSION = app;
			};
			dependencies = (
			);
			isa = PBXNativeTarget;
			name = DynamicRelease;
			productInstallPath = "$(HOME)/Applications";
			productName = minimalDynamicRelease;
			productReference = 4086D120063BBC5C00D4CD53;
			productType = "com.apple.product-type.application";
		};
		4086D113063BBC5C00D4CD53 = {
			buildActionMask = 2147483647;
			files = (
			);
			isa = PBXHeadersBuildPhase;
			runOnlyForDeploymentPostprocessing = 0;
		};
		4086D114063BBC5C00D4CD53 = {
			buildActionMask = 2147483647;
			files = (
				4086D115063BBC5C00D4CD53,
			);
			isa = PBXResourcesBuildPhase;
			runOnlyForDeploymentPostprocessing = 0;
		};
		4086D115063BBC5C00D4CD53 = {
			fileRef = F5F5A69A02CDB0E101000133;
			isa = PBXBuildFile;
			settings = {
			};
		};
		4086D116063BBC5C00D4CD53 = {
			buildActionMask = 2147483647;
			files = (
				4086D117063BBC5C00D4CD53,
			);
			isa = PBXSourcesBuildPhase;
			runOnlyForDeploymentPostprocessing = 0;
		};
		4086D117063BBC5C00D4CD53 = {
			fileRef = F591E05701FCC5DE01000133;
			isa = PBXBuildFile;
			settings = {
			};
		};
		4086D118063BBC5C00D4CD53 = {
			buildActionMask = 2147483647;
			files = (
				4086D119063BBC5C00D4CD53,
				4086D11B063BBC5C00D4CD53,
				4086D11C063BBC5C00D4CD53,
			);
			isa = PBXFrameworksBuildPhase;
			runOnlyForDeploymentPostprocessing = 0;
		};
		4086D119063BBC5C00D4CD53 = {
			fileRef = 20286C33FDCF999611CA2CEA;
			isa = PBXBuildFile;
			settings = {
			};
		};
		4086D11B063BBC5C00D4CD53 = {
			fileRef = CA60173504D423C000000080;
			isa = PBXBuildFile;
			settings = {
			};
		};
		4086D11C063BBC5C00D4CD53 = {
			fileRef = CA89596C04D79FED00000080;
			isa = PBXBuildFile;
			settings = {
			};
		};
		4086D11D063BBC5C00D4CD53 = {
			buildActionMask = 2147483647;
			files = (
			);
			isa = PBXRezBuildPhase;
			runOnlyForDeploymentPostprocessing = 0;
		};
		4086D120063BBC5C00D4CD53 = {
			explicitFileType = wrapper.application;
			includeInIndex = 0;
			isa = PBXFileReference;
			path = minimalDynamicRelease.app;
			refType = 3;
			sourceTree = BUILT_PRODUCTS_DIR;
		};
		40ADC58D081629DD0009DA36 = {
			buildActionMask = 2147483647;
			dstPath = "";
			dstSubfolderSpec = 10;
			files = (
				40ADC58E081629E80009DA36,
			);
			isa = PBXCopyFilesBuildPhase;
			runOnlyForDeploymentPostprocessing = 0;
		};
		40ADC58E081629E80009DA36 = {
			fileRef = CA89578E04D706FC00000080;
			isa = PBXBuildFile;
			settings = {
			};
		};
		40ADC6C508163A7C0009DA36 = {
			buildActionMask = 2147483647;
			dstPath = "";
			dstSubfolderSpec = 10;
			files = (
				40ADC6C608163A8B0009DA36,
			);
			isa = PBXCopyFilesBuildPhase;
			runOnlyForDeploymentPostprocessing = 0;
		};
		40ADC6C608163A8B0009DA36 = {
			fileRef = CA89596C04D79FED00000080;
			isa = PBXBuildFile;
			settings = {
			};
		};
		40B6DFF2063CD7B000442FB3 = {
			isa = PBXFileReference;
			lastKnownFileType = "compiled.mach-o.dylib";
			name = libiconv.dylib;
			path = /usr/lib/libiconv.dylib;
			refType = 0;
			sourceTree = "<absolute>";
		};
		40B6DFF3063CD7B000442FB3 = {
			fileRef = 40B6DFF2063CD7B000442FB3;
			isa = PBXBuildFile;
			settings = {
			};
		};
		40B6DFF4063CD7B000442FB3 = {
			fileRef = 40B6DFF2063CD7B000442FB3;
			isa = PBXBuildFile;
			settings = {
			};
		};
//400
//401
//402
//403
//404
//CA0
//CA1
//CA2
//CA3
//CA4
		CA60173504D423C000000080 = {
			isa = PBXFileReference;
			lastKnownFileType = wrapper.framework;
			name = System.framework;
			path = /System/Library/Frameworks/System.framework;
			refType = 0;
			sourceTree = "<absolute>";
		};
		CA89578E04D706FC00000080 = {
			explicitFileType = "compiled.mach-o.dylib";
			isa = PBXFileReference;
			name = libwx_macd.dylib;
			path = ../../src/build/libwx_macd.dylib;
			refType = 2;
			sourceTree = SOURCE_ROOT;
		};
		CA89596C04D79FED00000080 = {
			isa = PBXFileReference;
			lastKnownFileType = "compiled.mach-o.dylib";
			name = libwx_mac.dylib;
			path = ../../src/build/libwx_mac.dylib;
			refType = 2;
			sourceTree = SOURCE_ROOT;
		};
//CA0
//CA1
//CA2
//CA3
//CA4
//F50
//F51
//F52
//F53
//F54
		F591E05701FCC5DE01000133 = {
			fileEncoding = 30;
			isa = PBXFileReference;
			lastKnownFileType = sourcecode.cpp.cpp;
			path = minimal.cpp;
			refType = 2;
			sourceTree = SOURCE_ROOT;
		};
		F5A0C6B502CF7C9601000133 = {
			isa = PBXFileReference;
			lastKnownFileType = archive.ar;
			name = libwx_mac.a;
			path = ../../src/build/libwx_mac.a;
			refType = 2;
			sourceTree = SOURCE_ROOT;
		};
		F5F5A69602CDB02701000133 = {
			isa = PBXFileReference;
			lastKnownFileType = archive.ar;
			name = libwx_macd.a;
			path = ../../src/build/libwx_macd.a;
			refType = 2;
			sourceTree = SOURCE_ROOT;
		};
		F5F5A69A02CDB0E101000133 = {
			isa = PBXFileReference;
			lastKnownFileType = image.icns;
			name = wxmac.icns;
			path = ../../src/mac/wxmac.icns;
			refType = 2;
			sourceTree = SOURCE_ROOT;
		};
	};
	rootObject = 20286C28FDCF999611CA2CEA;
}
